
Microsoft Visual Studio Solution File, Format Version 12.00
# Visual Studio Version 17
VisualStudioVersion = 17.8.34330.188
MinimumVisualStudioVersion = 10.0.40219.1
Project("{9A19103F-16F7-4668-BE54-9A1E7A4F7556}") = "ASPNetCore6SystemIO", "ASPNetCore6SystemIO\ASPNetCore6SystemIO.csproj", "{BBFFEA14-D73F-4B47-95FD-1E0E57E41CF3}"
EndProject
Project("{FAE04EC0-301F-11D3-BF4B-00C04F79EFBC}") = "ASPNetCore6SystemIOTests", "ASPNetCore6SystemIOTests\ASPNetCore6SystemIOTests.csproj", "{C1728FA1-6A54-4668-A029-7F95D79FF430}"
EndProject
Global
	GlobalSection(SolutionConfigurationPlatforms) = preSolution
		Debug|Any CPU = Debug|Any CPU
		Release|Any CPU = Release|Any CPU
	EndGlobalSection
	GlobalSection(ProjectConfigurationPlatforms) = postSolution
		{BBFFEA14-D73F-4B47-95FD-1E0E57E41CF3}.Debug|Any CPU.ActiveCfg = Debug|Any CPU
		{BBFFEA14-D73F-4B47-95FD-1E0E57E41CF3}.Debug|Any CPU.Build.0 = Debug|Any CPU
		{BBFFEA14-D73F-4B47-95FD-1E0E57E41CF3}.Release|Any CPU.ActiveCfg = Release|Any CPU
		{BBFFEA14-D73F-4B47-95FD-1E0E57E41CF3}.Release|Any CPU.Build.0 = Release|Any CPU
		{C1728FA1-6A54-4668-A029-7F95D79FF430}.Debug|Any CPU.ActiveCfg = Debug|Any CPU
		{C1728FA1-6A54-4668-A029-7F95D79FF430}.Debug|Any CPU.Build.0 = Debug|Any CPU
		{C1728FA1-6A54-4668-A029-7F95D79FF430}.Release|Any CPU.ActiveCfg = Release|Any CPU
		{C1728FA1-6A54-4668-A029-7F95D79FF430}.Release|Any CPU.Build.0 = Release|Any CPU
	EndGlobalSection
	GlobalSection(SolutionProperties) = preSolution
		HideSolutionNode = FALSE
	EndGlobalSection
	GlobalSection(ExtensibilityGlobals) = postSolution
		SolutionGuid = {FFD0162B-5BAF-41A5-BEDE-A6E85372A76A}
	EndGlobalSection
EndGlobal
